
Microsoft Visual Studio Solution File, Format Version 12.00
# Visual Studio Version 17
VisualStudioVersion = 17.6.33815.320
MinimumVisualStudioVersion = 10.0.40219.1
Project("{FAE04EC0-301F-11D3-BF4B-00C04F79EFBC}") = "ApiAlunos", "ApiAlunos\ApiAlunos.csproj", "{7A933A2F-6922-455E-94CE-355795B911F6}"
EndProject
Global
	GlobalSection(SolutionConfigurationPlatforms) = preSolution
		Debug|Any CPU = Debug|Any CPU
		Release|Any CPU = Release|Any CPU
	EndGlobalSection
	GlobalSection(ProjectConfigurationPlatforms) = postSolution
		{7A933A2F-6922-455E-94CE-355795B911F6}.Debug|Any CPU.ActiveCfg = Debug|Any CPU
		{7A933A2F-6922-455E-94CE-355795B911F6}.Debug|Any CPU.Build.0 = Debug|Any CPU
		{7A933A2F-6922-455E-94CE-355795B911F6}.Release|Any CPU.ActiveCfg = Release|Any CPU
		{7A933A2F-6922-455E-94CE-355795B911F6}.Release|Any CPU.Build.0 = Release|Any CPU
	EndGlobalSection
	GlobalSection(SolutionProperties) = preSolution
		HideSolutionNode = FALSE
	EndGlobalSection
	GlobalSection(ExtensibilityGlobals) = postSolution
		SolutionGuid = {CF907A44-D7B7-4D31-B48A-38FC617E1F3F}
	EndGlobalSection
EndGlobal
